
Microsoft Visual Studio Solution File, Format Version 12.00
# Visual Studio Version 17
VisualStudioVersion = 17.7.34018.315
MinimumVisualStudioVersion = 10.0.40219.1
Project("{9A19103F-16F7-4668-BE54-9A1E7A4F7556}") = "Monito.Domain", "Monito.Domain\Monito.Domain.csproj", "{498DC0BC-87A7-4BBA-B4AC-C563B1903AE2}"
EndProject
Project("{9A19103F-16F7-4668-BE54-9A1E7A4F7556}") = "Monito.Infrastructure", "Monito.Infrastructure\Monito.Infrastructure.csproj", "{DEF3F89F-9F26-4B9D-856F-F43740EC20CA}"
EndProject
Project("{9A19103F-16F7-4668-BE54-9A1E7A4F7556}") = "Monito.Console", "Monito.Console\Monito.Console.csproj", "{AB78D30F-FD11-4881-B4C0-F1997ECFAFA4}"
EndProject
Project("{9A19103F-16F7-4668-BE54-9A1E7A4F7556}") = "Monito.Test", "Monito.Test\Monito.Test.csproj", "{C9F980AB-7B33-4D27-97C8-1B8E8A9A80FB}"
EndProject
Project("{FAE04EC0-301F-11D3-BF4B-00C04F79EFBC}") = "Monito.Blazor.Server", "Monito.Blazor\Server\Monito.Blazor.Server.csproj", "{96BF8C97-D7D6-4A9D-9A61-03E1D1BBEF64}"
EndProject
Project("{FAE04EC0-301F-11D3-BF4B-00C04F79EFBC}") = "Monito.Blazor.Client", "Monito.Blazor\Client\Monito.Blazor.Client.csproj", "{5BAD919E-9C56-4AA2-8CC5-8015BEFF7AEE}"
EndProject
Project("{FAE04EC0-301F-11D3-BF4B-00C04F79EFBC}") = "Monito.Blazor.Shared", "Monito.Blazor\Shared\Monito.Blazor.Shared.csproj", "{0875E8CD-2AD6-47E9-8F73-510B083D3D28}"
EndProject
Global
	GlobalSection(SolutionConfigurationPlatforms) = preSolution
		Debug|Any CPU = Debug|Any CPU
		Release|Any CPU = Release|Any CPU
	EndGlobalSection
	GlobalSection(ProjectConfigurationPlatforms) = postSolution
		{498DC0BC-87A7-4BBA-B4AC-C563B1903AE2}.Debug|Any CPU.ActiveCfg = Debug|Any CPU
		{498DC0BC-87A7-4BBA-B4AC-C563B1903AE2}.Debug|Any CPU.Build.0 = Debug|Any CPU
		{498DC0BC-87A7-4BBA-B4AC-C563B1903AE2}.Release|Any CPU.ActiveCfg = Release|Any CPU
		{498DC0BC-87A7-4BBA-B4AC-C563B1903AE2}.Release|Any CPU.Build.0 = Release|Any CPU
		{DEF3F89F-9F26-4B9D-856F-F43740EC20CA}.Debug|Any CPU.ActiveCfg = Debug|Any CPU
		{DEF3F89F-9F26-4B9D-856F-F43740EC20CA}.Debug|Any CPU.Build.0 = Debug|Any CPU
		{DEF3F89F-9F26-4B9D-856F-F43740EC20CA}.Release|Any CPU.ActiveCfg = Release|Any CPU
		{DEF3F89F-9F26-4B9D-856F-F43740EC20CA}.Release|Any CPU.Build.0 = Release|Any CPU
		{AB78D30F-FD11-4881-B4C0-F1997ECFAFA4}.Debug|Any CPU.ActiveCfg = Debug|Any CPU
		{AB78D30F-FD11-4881-B4C0-F1997ECFAFA4}.Debug|Any CPU.Build.0 = Debug|Any CPU
		{AB78D30F-FD11-4881-B4C0-F1997ECFAFA4}.Release|Any CPU.ActiveCfg = Release|Any CPU
		{AB78D30F-FD11-4881-B4C0-F1997ECFAFA4}.Release|Any CPU.Build.0 = Release|Any CPU
		{C9F980AB-7B33-4D27-97C8-1B8E8A9A80FB}.Debug|Any CPU.ActiveCfg = Debug|Any CPU
		{C9F980AB-7B33-4D27-97C8-1B8E8A9A80FB}.Debug|Any CPU.Build.0 = Debug|Any CPU
		{C9F980AB-7B33-4D27-97C8-1B8E8A9A80FB}.Release|Any CPU.ActiveCfg = Release|Any CPU
		{C9F980AB-7B33-4D27-97C8-1B8E8A9A80FB}.Release|Any CPU.Build.0 = Release|Any CPU
		{96BF8C97-D7D6-4A9D-9A61-03E1D1BBEF64}.Debug|Any CPU.ActiveCfg = Debug|Any CPU
		{96BF8C97-D7D6-4A9D-9A61-03E1D1BBEF64}.Debug|Any CPU.Build.0 = Debug|Any CPU
		{96BF8C97-D7D6-4A9D-9A61-03E1D1BBEF64}.Release|Any CPU.ActiveCfg = Release|Any CPU
		{96BF8C97-D7D6-4A9D-9A61-03E1D1BBEF64}.Release|Any CPU.Build.0 = Release|Any CPU
		{5BAD919E-9C56-4AA2-8CC5-8015BEFF7AEE}.Debug|Any CPU.ActiveCfg = Debug|Any CPU
		{5BAD919E-9C56-4AA2-8CC5-8015BEFF7AEE}.Debug|Any CPU.Build.0 = Debug|Any CPU
		{5BAD919E-9C56-4AA2-8CC5-8015BEFF7AEE}.Release|Any CPU.ActiveCfg = Release|Any CPU
		{5BAD919E-9C56-4AA2-8CC5-8015BEFF7AEE}.Release|Any CPU.Build.0 = Release|Any CPU
		{0875E8CD-2AD6-47E9-8F73-510B083D3D28}.Debug|Any CPU.ActiveCfg = Debug|Any CPU
		{0875E8CD-2AD6-47E9-8F73-510B083D3D28}.Debug|Any CPU.Build.0 = Debug|Any CPU
		{0875E8CD-2AD6-47E9-8F73-510B083D3D28}.Release|Any CPU.ActiveCfg = Release|Any CPU
		{0875E8CD-2AD6-47E9-8F73-510B083D3D28}.Release|Any CPU.Build.0 = Release|Any CPU
	EndGlobalSection
	GlobalSection(SolutionProperties) = preSolution
		HideSolutionNode = FALSE
	EndGlobalSection
	GlobalSection(ExtensibilityGlobals) = postSolution
		SolutionGuid = {6F2E8894-2BF5-4A2C-B02D-ABC53F62448C}
	EndGlobalSection
EndGlobal
